
Microsoft Visual Studio Solution File, Format Version 12.00
# Visual Studio Version 16
VisualStudioVersion = 16.0.29409.12
MinimumVisualStudioVersion = 10.0.40219.1
Project("{FAE04EC0-301F-11D3-BF4B-00C04F79EFBC}") = "[hnt] Launcher", "[hnt] Launcher\[hnt] Launcher.csproj", "{C8EAC07E-1509-4C72-AAF9-E909C5E41894}"
EndProject
Global
	GlobalSection(SolutionConfigurationPlatforms) = preSolution
		Debug|Any CPU = Debug|Any CPU
		Release|Any CPU = Release|Any CPU
	EndGlobalSection
	GlobalSection(ProjectConfigurationPlatforms) = postSolution
		{C8EAC07E-1509-4C72-AAF9-E909C5E41894}.Debug|Any CPU.ActiveCfg = Debug|Any CPU
		{C8EAC07E-1509-4C72-AAF9-E909C5E41894}.Debug|Any CPU.Build.0 = Debug|Any CPU
		{C8EAC07E-1509-4C72-AAF9-E909C5E41894}.Release|Any CPU.ActiveCfg = Release|Any CPU
		{C8EAC07E-1509-4C72-AAF9-E909C5E41894}.Release|Any CPU.Build.0 = Release|Any CPU
	EndGlobalSection
	GlobalSection(SolutionProperties) = preSolution
		HideSolutionNode = FALSE
	EndGlobalSection
	GlobalSection(ExtensibilityGlobals) = postSolution
		SolutionGuid = {EFE613CD-BC01-432D-8440-1A1C634B4B02}
	EndGlobalSection
EndGlobal
